// !$*UTF8*$!
{
	archiveVersion = 1;
	classes = {
	};
	objectVersion = 77;
	objects = {

/* Begin PBXContainerItemProxy section */
		1356A0F42E4A93EB00CAD71A /* PBXContainerItemProxy */ = {
			isa = PBXContainerItemProxy;
			containerPortal = 1356A0DE2E4A93E900CAD71A /* Project object */;
			proxyType = 1;
			remoteGlobalIDString = 1356A0E52E4A93E900CAD71A;
			remoteInfo = UniMap;
		};
		1356A0FE2E4A93EB00CAD71A /* PBXContainerItemProxy */ = {
			isa = PBXContainerItemProxy;
			containerPortal = 1356A0DE2E4A93E900CAD71A /* Project object */;
			proxyType = 1;
			remoteGlobalIDString = 1356A0E52E4A93E900CAD71A;
			remoteInfo = UniMap;
		};
/* End PBXContainerItemProxy section */

/* Begin PBXFileReference section */
		1356A0E62E4A93E900CAD71A /* UniMap.app */ = {isa = PBXFileReference; explicitFileType = wrapper.application; includeInIndex = 0; path = UniMap.app; sourceTree = BUILT_PRODUCTS_DIR; };
		1356A0F32E4A93EB00CAD71A /* UniMapTests.xctest */ = {isa = PBXFileReference; explicitFileType = wrapper.cfbundle; includeInIndex = 0; path = UniMapTests.xctest; sourceTree = BUILT_PRODUCTS_DIR; };
		1356A0FD2E4A93EB00CAD71A /* UniMapUITests.xctest */ = {isa = PBXFileReference; explicitFileType = wrapper.cfbundle; includeInIndex = 0; path = UniMapUITests.xctest; sourceTree = BUILT_PRODUCTS_DIR; };
/* End PBXFileReference section */

/* Begin PBXFileSystemSynchronizedRootGroup section */
		1356A0E82E4A93E900CAD71A /* UniMap */ = {
			isa = PBXFileSystemSynchronizedRootGroup;
			path = UniMap;
			sourceTree = "<group>";
		};
		1356A0F62E4A93EB00CAD71A /* UniMapTests */ = {
			isa = PBXFileSystemSynchronizedRootGroup;
			path = UniMapTests;
			sourceTree = "<group>";
		};
		1356A1002E4A93EB00CAD71A /* UniMapUITests */ = {
			isa = PBXFileSystemSynchronizedRootGroup;
			path = UniMapUITests;
			sourceTree = "<group>";
		};
/* End PBXFileSystemSynchronizedRootGroup section */

/* Begin PBXFrameworksBuildPhase section */
		1356A0E32E4A93E900CAD71A /* Frameworks */ = {
			isa = PBXFrameworksBuildPhase;
			buildActionMask = 2147483647;
			files = (
			);
			runOnlyForDeploymentPostprocessing = 0;
		};
		1356A0F02E4A93EB00CAD71A /* Frameworks */ = {
			isa = PBXFrameworksBuildPhase;
			buildActionMask = 2147483647;
			files = (
			);
			runOnlyForDeploymentPostprocessing = 0;
		};
		1356A0FA2E4A93EB00CAD71A /* Frameworks */ = {
			isa = PBXFrameworksBuildPhase;
			buildActionMask = 2147483647;
			files = (
			);
			runOnlyForDeploymentPostprocessing = 0;
		};
/* End PBXFrameworksBuildPhase section */

/* Begin PBXGroup section */
		1356A0DD2E4A93E900CAD71A = {
			isa = PBXGroup;
			children = (
				1356A0E82E4A93E900CAD71A /* UniMap */,
				1356A0F62E4A93EB00CAD71A /* UniMapTests */,
				1356A1002E4A93EB00CAD71A /* UniMapUITests */,
				1356A0E72E4A93E900CAD71A /* Products */,
			);
			sourceTree = "<group>";
		};
		1356A0E72E4A93E900CAD71A /* Products */ = {
			isa = PBXGroup;
			children = (
				1356A0E62E4A93E900CAD71A /* UniMap.app */,
				1356A0F32E4A93EB00CAD71A /* UniMapTests.xctest */,
				1356A0FD2E4A93EB00CAD71A /* UniMapUITests.xctest */,
			);
			name = Products;
			sourceTree = "<group>";
		};
/* End PBXGroup section */

/* Begin PBXNativeTarget section */
		1356A0E52E4A93E900CAD71A /* UniMap */ = {
			isa = PBXNativeTarget;
			buildConfigurationList = 1356A1072E4A93EB00CAD71A /* Build configuration list for PBXNativeTarget "UniMap" */;
			buildPhases = (
				1356A0E22E4A93E900CAD71A /* Sources */,
				1356A0E32E4A93E900CAD71A /* Frameworks */,
				1356A0E42E4A93E900CAD71A /* Resources */,
			);
			buildRules = (
			);
			dependencies = (
			);
			fileSystemSynchronizedGroups = (
				1356A0E82E4A93E900CAD71A /* UniMap */,
			);
			name = UniMap;
			packageProductDependencies = (
			);
			productName = UniMap;
			productReference = 1356A0E62E4A93E900CAD71A /* UniMap.app */;
			productType = "com.apple.product-type.application";
		};
		1356A0F22E4A93EB00CAD71A /* UniMapTests */ = {
			isa = PBXNativeTarget;
			buildConfigurationList = 1356A10A2E4A93EB00CAD71A /* Build configuration list for PBXNativeTarget "UniMapTests" */;
			buildPhases = (
				1356A0EF2E4A93EB00CAD71A /* Sources */,
				1356A0F02E4A93EB00CAD71A /* Frameworks */,
				1356A0F12E4A93EB00CAD71A /* Resources */,
			);
			buildRules = (
			);
			dependencies = (
				1356A0F52E4A93EB00CAD71A /* PBXTargetDependency */,
			);
			fileSystemSynchronizedGroups = (
				1356A0F62E4A93EB00CAD71A /* UniMapTests */,
			);
			name = UniMapTests;
			packageProductDependencies = (
			);
			productName = UniMapTests;
			productReference = 1356A0F32E4A93EB00CAD71A /* UniMapTests.xctest */;
			productType = "com.apple.product-type.bundle.unit-test";
		};
		1356A0FC2E4A93EB00CAD71A /* UniMapUITests */ = {
			isa = PBXNativeTarget;
			buildConfigurationList = 1356A10D2E4A93EB00CAD71A /* Build configuration list for PBXNativeTarget "UniMapUITests" */;
			buildPhases = (
				1356A0F92E4A93EB00CAD71A /* Sources */,
				1356A0FA2E4A93EB00CAD71A /* Frameworks */,
				1356A0FB2E4A93EB00CAD71A /* Resources */,
			);
			buildRules = (
			);
			dependencies = (
				1356A0FF2E4A93EB00CAD71A /* PBXTargetDependency */,
			);
			fileSystemSynchronizedGroups = (
				1356A1002E4A93EB00CAD71A /* UniMapUITests */,
			);
			name = UniMapUITests;
			packageProductDependencies = (
			);
			productName = UniMapUITests;
			productReference = 1356A0FD2E4A93EB00CAD71A /* UniMapUITests.xctest */;
			productType = "com.apple.product-type.bundle.ui-testing";
		};
/* End PBXNativeTarget section */

/* Begin PBXProject section */
		1356A0DE2E4A93E900CAD71A /* Project object */ = {
			isa = PBXProject;
			attributes = {
				BuildIndependentTargetsInParallel = 1;
				LastSwiftUpdateCheck = 1640;
				LastUpgradeCheck = 1640;
				TargetAttributes = {
					1356A0E52E4A93E900CAD71A = {
						CreatedOnToolsVersion = 16.4;
					};
					1356A0F22E4A93EB00CAD71A = {
						CreatedOnToolsVersion = 16.4;
						TestTargetID = 1356A0E52E4A93E900CAD71A;
					};
					1356A0FC2E4A93EB00CAD71A = {
						CreatedOnToolsVersion = 16.4;
						TestTargetID = 1356A0E52E4A93E900CAD71A;
					};
				};
			};
			buildConfigurationList = 1356A0E12E4A93E900CAD71A /* Build configuration list for PBXProject "UniMap" */;
			developmentRegion = en;
			hasScannedForEncodings = 0;
			knownRegions = (
				en,
				Base,
			);
			mainGroup = 1356A0DD2E4A93E900CAD71A;
			minimizedProjectReferenceProxies = 1;
			preferredProjectObjectVersion = 77;
			productRefGroup = 1356A0E72E4A93E900CAD71A /* Products */;
			projectDirPath = "";
			projectRoot = "";
			targets = (
				1356A0E52E4A93E900CAD71A /* UniMap */,
				1356A0F22E4A93EB00CAD71A /* UniMapTests */,
				1356A0FC2E4A93EB00CAD71A /* UniMapUITests */,
			);
		};
/* End PBXProject section */

/* Begin PBXResourcesBuildPhase section */
		1356A0E42E4A93E900CAD71A /* Resources */ = {
			isa = PBXResourcesBuildPhase;
			buildActionMask = 2147483647;
			files = (
			);
			runOnlyForDeploymentPostprocessing = 0;
		};
		1356A0F12E4A93EB00CAD71A /* Resources */ = {
			isa = PBXResourcesBuildPhase;
			buildActionMask = 2147483647;
			files = (
			);
			runOnlyForDeploymentPostprocessing = 0;
		};
		1356A0FB2E4A93EB00CAD71A /* Resources */ = {
			isa = PBXResourcesBuildPhase;
			buildActionMask = 2147483647;
			files = (
			);
			runOnlyForDeploymentPostprocessing = 0;
		};
/* End PBXResourcesBuildPhase section */

/* Begin PBXSourcesBuildPhase section */
		1356A0E22E4A93E900CAD71A /* Sources */ = {
			isa = PBXSourcesBuildPhase;
			buildActionMask = 2147483647;
			files = (
			);
			runOnlyForDeploymentPostprocessing = 0;
		};
		1356A0EF2E4A93EB00CAD71A /* Sources */ = {
			isa = PBXSourcesBuildPhase;
			buildActionMask = 2147483647;
			files = (
			);
			runOnlyForDeploymentPostprocessing = 0;
		};
		1356A0F92E4A93EB00CAD71A /* Sources */ = {
			isa = PBXSourcesBuildPhase;
			buildActionMask = 2147483647;
			files = (
			);
			runOnlyForDeploymentPostprocessing = 0;
		};
/* End PBXSourcesBuildPhase section */

/* Begin PBXTargetDependency section */
		1356A0F52E4A93EB00CAD71A /* PBXTargetDependency */ = {
			isa = PBXTargetDependency;
			target = 1356A0E52E4A93E900CAD71A /* UniMap */;
			targetProxy = 1356A0F42E4A93EB00CAD71A /* PBXContainerItemProxy */;
		};
		1356A0FF2E4A93EB00CAD71A /* PBXTargetDependency */ = {
			isa = PBXTargetDependency;
			target = 1356A0E52E4A93E900CAD71A /* UniMap */;
			targetProxy = 1356A0FE2E4A93EB00CAD71A /* PBXContainerItemProxy */;
		};
/* End PBXTargetDependency section */

/* Begin XCBuildConfiguration section */
		1356A1052E4A93EB00CAD71A /* Debug */ = {
			isa = XCBuildConfiguration;
			buildSettings = {
				ALWAYS_SEARCH_USER_PATHS = NO;
				ASSETCATALOG_COMPILER_GENERATE_SWIFT_ASSET_SYMBOL_EXTENSIONS = YES;
				CLANG_ANALYZER_NONNULL = YES;
				CLANG_ANALYZER_NUMBER_OBJECT_CONVERSION = YES_AGGRESSIVE;
				CLANG_CXX_LANGUAGE_STANDARD = "gnu++20";
				CLANG_ENABLE_MODULES = YES;
				CLANG_ENABLE_OBJC_ARC = YES;
				CLANG_ENABLE_OBJC_WEAK = YES;
				CLANG_WARN_BLOCK_CAPTURE_AUTORELEASING = YES;
				CLANG_WARN_BOOL_CONVERSION = YES;
				CLANG_WARN_COMMA = YES;
				CLANG_WARN_CONSTANT_CONVERSION = YES;
				CLANG_WARN_DEPRECATED_OBJC_IMPLEMENTATIONS = YES;
				CLANG_WARN_DIRECT_OBJC_ISA_USAGE = YES_ERROR;
				CLANG_WARN_DOCUMENTATION_COMMENTS = YES;
				CLANG_WARN_EMPTY_BODY = YES;
				CLANG_WARN_ENUM_CONVERSION = YES;
				CLANG_WARN_INFINITE_RECURSION = YES;
				CLANG_WARN_INT_CONVERSION = YES;
				CLANG_WARN_NON_LITERAL_NULL_CONVERSION = YES;
				CLANG_WARN_OBJC_IMPLICIT_RETAIN_SELF = YES;
				CLANG_WARN_OBJC_LITERAL_CONVERSION = YES;
				CLANG_WARN_OBJC_ROOT_CLASS = YES_ERROR;
				CLANG_WARN_QUOTED_INCLUDE_IN_FRAMEWORK_HEADER = YES;
				CLANG_WARN_RANGE_LOOP_ANALYSIS = YES;
				CLANG_WARN_STRICT_PROTOTYPES = YES;
				CLANG_WARN_SUSPICIOUS_MOVE = YES;
				CLANG_WARN_UNGUARDED_AVAILABILITY = YES_AGGRESSIVE;
				CLANG_WARN_UNREACHABLE_CODE = YES;
				CLANG_WARN__DUPLICATE_METHOD_MATCH = YES;
				COPY_PHASE_STRIP = NO;
				DEBUG_INFORMATION_FORMAT = dwarf;
				DEVELOPMENT_TEAM = 9Z94H4ZMRW;
				ENABLE_STRICT_OBJC_MSGSEND = YES;
				ENABLE_TESTABILITY = YES;
				ENABLE_USER_SCRIPT_SANDBOXING = YES;
				GCC_C_LANGUAGE_STANDARD = gnu17;
				GCC_DYNAMIC_NO_PIC = NO;
				GCC_NO_COMMON_BLOCKS = YES;
				GCC_OPTIMIZATION_LEVEL = 0;
				GCC_PREPROCESSOR_DEFINITIONS = (
					"DEBUG=1",
					"$(inherited)",
				);
				GCC_WARN_64_TO_32_BIT_CONVERSION = YES;
				GCC_WARN_ABOUT_RETURN_TYPE = YES_ERROR;
				GCC_WARN_UNDECLARED_SELECTOR = YES;
				GCC_WARN_UNINITIALIZED_AUTOS = YES_AGGRESSIVE;
				GCC_WARN_UNUSED_FUNCTION = YES;
				GCC_WARN_UNUSED_VARIABLE = YES;
				IPHONEOS_DEPLOYMENT_TARGET = 18.5;
				LOCALIZATION_PREFERS_STRING_CATALOGS = YES;
				MTL_ENABLE_DEBUG_INFO = INCLUDE_SOURCE;
				MTL_FAST_MATH = YES;
				ONLY_ACTIVE_ARCH = YES;
				SDKROOT = iphoneos;
				SWIFT_ACTIVE_COMPILATION_CONDITIONS = "DEBUG $(inherited)";
				SWIFT_OPTIMIZATION_LEVEL = "-Onone";
			};
			name = Debug;
		};
		1356A1062E4A93EB00CAD71A /* Release */ = {
			isa = XCBuildConfiguration;
			buildSettings = {
				ALWAYS_SEARCH_USER_PATHS = NO;
				ASSETCATALOG_COMPILER_GENERATE_SWIFT_ASSET_SYMBOL_EXTENSIONS = YES;
				CLANG_ANALYZER_NONNULL = YES;
				CLANG_ANALYZER_NUMBER_OBJECT_CONVERSION = YES_AGGRESSIVE;
				CLANG_CXX_LANGUAGE_STANDARD = "gnu++20";
				CLANG_ENABLE_MODULES = YES;
				CLANG_ENABLE_OBJC_ARC = YES;
				CLANG_ENABLE_OBJC_WEAK = YES;
				CLANG_WARN_BLOCK_CAPTURE_AUTORELEASING = YES;
				CLANG_WARN_BOOL_CONVERSION = YES;
				CLANG_WARN_COMMA = YES;
				CLANG_WARN_CONSTANT_CONVERSION = YES;
				CLANG_WARN_DEPRECATED_OBJC_IMPLEMENTATIONS = YES;
				CLANG_WARN_DIRECT_OBJC_ISA_USAGE = YES_ERROR;
				CLANG_WARN_DOCUMENTATION_COMMENTS = YES;
				CLANG_WARN_EMPTY_BODY = YES;
				CLANG_WARN_ENUM_CONVERSION = YES;
				CLANG_WARN_INFINITE_RECURSION = YES;
				CLANG_WARN_INT_CONVERSION = YES;
				CLANG_WARN_NON_LITERAL_NULL_CONVERSION = YES;
				CLANG_WARN_OBJC_IMPLICIT_RETAIN_SELF = YES;
				CLANG_WARN_OBJC_LITERAL_CONVERSION = YES;
				CLANG_WARN_OBJC_ROOT_CLASS = YES_ERROR;
				CLANG_WARN_QUOTED_INCLUDE_IN_FRAMEWORK_HEADER = YES;
				CLANG_WARN_RANGE_LOOP_ANALYSIS = YES;
				CLANG_WARN_STRICT_PROTOTYPES = YES;
				CLANG_WARN_SUSPICIOUS_MOVE = YES;
				CLANG_WARN_UNGUARDED_AVAILABILITY = YES_AGGRESSIVE;
				CLANG_WARN_UNREACHABLE_CODE = YES;
				CLANG_WARN__DUPLICATE_METHOD_MATCH = YES;
				COPY_PHASE_STRIP = NO;
				DEBUG_INFORMATION_FORMAT = "dwarf-with-dsym";
				DEVELOPMENT_TEAM = 9Z94H4ZMRW;
				ENABLE_NS_ASSERTIONS = NO;
				ENABLE_STRICT_OBJC_MSGSEND = YES;
				ENABLE_USER_SCRIPT_SANDBOXING = YES;
				GCC_C_LANGUAGE_STANDARD = gnu17;
				GCC_NO_COMMON_BLOCKS = YES;
				GCC_WARN_64_TO_32_BIT_CONVERSION = YES;
				GCC_WARN_ABOUT_RETURN_TYPE = YES_ERROR;
				GCC_WARN_UNDECLARED_SELECTOR = YES;
				GCC_WARN_UNINITIALIZED_AUTOS = YES_AGGRESSIVE;
				GCC_WARN_UNUSED_FUNCTION = YES;
				GCC_WARN_UNUSED_VARIABLE = YES;
				IPHONEOS_DEPLOYMENT_TARGET = 18.5;
				LOCALIZATION_PREFERS_STRING_CATALOGS = YES;
				MTL_ENABLE_DEBUG_INFO = NO;
				MTL_FAST_MATH = YES;
				SDKROOT = iphoneos;
				SWIFT_COMPILATION_MODE = wholemodule;
				VALIDATE_PRODUCT = YES;
			};
			name = Release;
		};
		1356A1082E4A93EB00CAD71A /* Debug */ = {
			isa = XCBuildConfiguration;
			buildSettings = {
				ASSETCATALOG_COMPILER_APPICON_NAME = AppIcon;
				ASSETCATALOG_COMPILER_GLOBAL_ACCENT_COLOR_NAME = AccentColor;
				CODE_SIGN_STYLE = Automatic;
				CURRENT_PROJECT_VERSION = 1;
				DEVELOPMENT_TEAM = 9Z94H4ZMRW;
				ENABLE_PREVIEWS = YES;
				GENERATE_INFOPLIST_FILE = YES;
				INFOPLIST_KEY_UIApplicationSceneManifest_Generation = YES;
				INFOPLIST_KEY_UIApplicationSupportsIndirectInputEvents = YES;
				INFOPLIST_KEY_UILaunchScreen_Generation = YES;
				INFOPLIST_KEY_UISupportedInterfaceOrientations_iPad = "UIInterfaceOrientationPortrait UIInterfaceOrientationPortraitUpsideDown UIInterfaceOrientationLandscapeLeft UIInterfaceOrientationLandscapeRight";
				INFOPLIST_KEY_UISupportedInterfaceOrientations_iPhone = "UIInterfaceOrientationPortrait UIInterfaceOrientationLandscapeLeft UIInterfaceOrientationLandscapeRight";
				LD_RUNPATH_SEARCH_PATHS = (
					"$(inherited)",
					"@executable_path/Frameworks",
				);
				MARKETING_VERSION = 1.0;
				PRODUCT_BUNDLE_IDENTIFIER = CosminTrica.UniMap;
				PRODUCT_NAME = "$(TARGET_NAME)";
				SWIFT_EMIT_LOC_STRINGS = YES;
				SWIFT_VERSION = 5.0;
				TARGETED_DEVICE_FAMILY = "1,2";
			};
			name = Debug;
		};
		1356A1092E4A93EB00CAD71A /* Release */ = {
			isa = XCBuildConfiguration;
			buildSettings = {
				ASSETCATALOG_COMPILER_APPICON_NAME = AppIcon;
				ASSETCATALOG_COMPILER_GLOBAL_ACCENT_COLOR_NAME = AccentColor;
				CODE_SIGN_STYLE = Automatic;
				CURRENT_PROJECT_VERSION = 1;
				DEVELOPMENT_TEAM = 9Z94H4ZMRW;
				ENABLE_PREVIEWS = YES;
				GENERATE_INFOPLIST_FILE = YES;
				INFOPLIST_KEY_UIApplicationSceneManifest_Generation = YES;
				INFOPLIST_KEY_UIApplicationSupportsIndirectInputEvents = YES;
				INFOPLIST_KEY_UILaunchScreen_Generation = YES;
				INFOPLIST_KEY_UISupportedInterfaceOrientations_iPad = "UIInterfaceOrientationPortrait UIInterfaceOrientationPortraitUpsideDown UIInterfaceOrientationLandscapeLeft UIInterfaceOrientationLandscapeRight";
				INFOPLIST_KEY_UISupportedInterfaceOrientations_iPhone = "UIInterfaceOrientationPortrait UIInterfaceOrientationLandscapeLeft UIInterfaceOrientationLandscapeRight";
				LD_RUNPATH_SEARCH_PATHS = (
					"$(inherited)",
					"@executable_path/Frameworks",
				);
				MARKETING_VERSION = 1.0;
				PRODUCT_BUNDLE_IDENTIFIER = CosminTrica.UniMap;
				PRODUCT_NAME = "$(TARGET_NAME)";
				SWIFT_EMIT_LOC_STRINGS = YES;
				SWIFT_VERSION = 5.0;
				TARGETED_DEVICE_FAMILY = "1,2";
			};
			name = Release;
		};
		1356A10B2E4A93EB00CAD71A /* Debug */ = {
			isa = XCBuildConfiguration;
			buildSettings = {
				BUNDLE_LOADER = "$(TEST_HOST)";
				CODE_SIGN_STYLE = Automatic;
				CURRENT_PROJECT_VERSION = 1;
				DEVELOPMENT_TEAM = 9Z94H4ZMRW;
				GENERATE_INFOPLIST_FILE = YES;
				IPHONEOS_DEPLOYMENT_TARGET = 18.5;
				MARKETING_VERSION = 1.0;
				PRODUCT_BUNDLE_IDENTIFIER = CosminTrica.UniMapTests;
				PRODUCT_NAME = "$(TARGET_NAME)";
				SWIFT_EMIT_LOC_STRINGS = NO;
				SWIFT_VERSION = 5.0;
				TARGETED_DEVICE_FAMILY = "1,2";
				TEST_HOST = "$(BUILT_PRODUCTS_DIR)/UniMap.app/$(BUNDLE_EXECUTABLE_FOLDER_PATH)/UniMap";
			};
			name = Debug;
		};
		1356A10C2E4A93EB00CAD71A /* Release */ = {
			isa = XCBuildConfiguration;
			buildSettings = {
				BUNDLE_LOADER = "$(TEST_HOST)";
				CODE_SIGN_STYLE = Automatic;
				CURRENT_PROJECT_VERSION = 1;
				DEVELOPMENT_TEAM = 9Z94H4ZMRW;
				GENERATE_INFOPLIST_FILE = YES;
				IPHONEOS_DEPLOYMENT_TARGET = 18.5;
				MARKETING_VERSION = 1.0;
				PRODUCT_BUNDLE_IDENTIFIER = CosminTrica.UniMapTests;
				PRODUCT_NAME = "$(TARGET_NAME)";
				SWIFT_EMIT_LOC_STRINGS = NO;
				SWIFT_VERSION = 5.0;
				TARGETED_DEVICE_FAMILY = "1,2";
				TEST_HOST = "$(BUILT_PRODUCTS_DIR)/UniMap.app/$(BUNDLE_EXECUTABLE_FOLDER_PATH)/UniMap";
			};
			name = Release;
		};
		1356A10E2E4A93EB00CAD71A /* Debug */ = {
			isa = XCBuildConfiguration;
			buildSettings = {
				CODE_SIGN_STYLE = Automatic;
				CURRENT_PROJECT_VERSION = 1;
				DEVELOPMENT_TEAM = 9Z94H4ZMRW;
				GENERATE_INFOPLIST_FILE = YES;
				MARKETING_VERSION = 1.0;
				PRODUCT_BUNDLE_IDENTIFIER = CosminTrica.UniMapUITests;
				PRODUCT_NAME = "$(TARGET_NAME)";
				SWIFT_EMIT_LOC_STRINGS = NO;
				SWIFT_VERSION = 5.0;
				TARGETED_DEVICE_FAMILY = "1,2";
				TEST_TARGET_NAME = UniMap;
			};
			name = Debug;
		};
		1356A10F2E4A93EB00CAD71A /* Release */ = {
			isa = XCBuildConfiguration;
			buildSettings = {
				CODE_SIGN_STYLE = Automatic;
				CURRENT_PROJECT_VERSION = 1;
				DEVELOPMENT_TEAM = 9Z94H4ZMRW;
				GENERATE_INFOPLIST_FILE = YES;
				MARKETING_VERSION = 1.0;
				PRODUCT_BUNDLE_IDENTIFIER = CosminTrica.UniMapUITests;
				PRODUCT_NAME = "$(TARGET_NAME)";
				SWIFT_EMIT_LOC_STRINGS = NO;
				SWIFT_VERSION = 5.0;
				TARGETED_DEVICE_FAMILY = "1,2";
				TEST_TARGET_NAME = UniMap;
			};
			name = Release;
		};
/* End XCBuildConfiguration section */

/* Begin XCConfigurationList section */
		1356A0E12E4A93E900CAD71A /* Build configuration list for PBXProject "UniMap" */ = {
			isa = XCConfigurationList;
			buildConfigurations = (
				1356A1052E4A93EB00CAD71A /* Debug */,
				1356A1062E4A93EB00CAD71A /* Release */,
			);
			defaultConfigurationIsVisible = 0;
			defaultConfigurationName = Release;
		};
		1356A1072E4A93EB00CAD71A /* Build configuration list for PBXNativeTarget "UniMap" */ = {
			isa = XCConfigurationList;
			buildConfigurations = (
				1356A1082E4A93EB00CAD71A /* Debug */,
				1356A1092E4A93EB00CAD71A /* Release */,
			);
			defaultConfigurationIsVisible = 0;
			defaultConfigurationName = Release;
		};
		1356A10A2E4A93EB00CAD71A /* Build configuration list for PBXNativeTarget "UniMapTests" */ = {
			isa = XCConfigurationList;
			buildConfigurations = (
				1356A10B2E4A93EB00CAD71A /* Debug */,
				1356A10C2E4A93EB00CAD71A /* Release */,
			);
			defaultConfigurationIsVisible = 0;
			defaultConfigurationName = Release;
		};
		1356A10D2E4A93EB00CAD71A /* Build configuration list for PBXNativeTarget "UniMapUITests" */ = {
			isa = XCConfigurationList;
			buildConfigurations = (
				1356A10E2E4A93EB00CAD71A /* Debug */,
				1356A10F2E4A93EB00CAD71A /* Release */,
			);
			defaultConfigurationIsVisible = 0;
			defaultConfigurationName = Release;
		};
/* End XCConfigurationList section */
	};
	rootObject = 1356A0DE2E4A93E900CAD71A /* Project object */;
}
